
Microsoft Visual Studio Solution File, Format Version 12.00
# Visual Studio Version 17
VisualStudioVersion = 17.14.36121.58
MinimumVisualStudioVersion = 10.0.40219.1
Project("{FAE04EC0-301F-11D3-BF4B-00C04F79EFBC}") = "RepairSystem", "RepairSystem\RepairSystem.csproj", "{37F92577-857E-456C-8911-122B8373F172}"
EndProject
Global
	GlobalSection(SolutionConfigurationPlatforms) = preSolution
		Debug|Any CPU = Debug|Any CPU
		Debug|x64 = Debug|x64
		Release|Any CPU = Release|Any CPU
		Release|x64 = Release|x64
	EndGlobalSection
	GlobalSection(ProjectConfigurationPlatforms) = postSolution
		{37F92577-857E-456C-8911-122B8373F172}.Debug|Any CPU.ActiveCfg = Debug|Any CPU
		{37F92577-857E-456C-8911-122B8373F172}.Debug|Any CPU.Build.0 = Debug|Any CPU
		{37F92577-857E-456C-8911-122B8373F172}.Debug|x64.ActiveCfg = Debug|x64
		{37F92577-857E-456C-8911-122B8373F172}.Debug|x64.Build.0 = Debug|x64
		{37F92577-857E-456C-8911-122B8373F172}.Release|Any CPU.ActiveCfg = Release|Any CPU
		{37F92577-857E-456C-8911-122B8373F172}.Release|Any CPU.Build.0 = Release|Any CPU
		{37F92577-857E-456C-8911-122B8373F172}.Release|x64.ActiveCfg = Release|x64
		{37F92577-857E-456C-8911-122B8373F172}.Release|x64.Build.0 = Release|x64
	EndGlobalSection
	GlobalSection(SolutionProperties) = preSolution
		HideSolutionNode = FALSE
	EndGlobalSection
	GlobalSection(ExtensibilityGlobals) = postSolution
		SolutionGuid = {9E322BFA-35F3-4B3C-A5C7-9BE578987C9A}
	EndGlobalSection
EndGlobal
